
Microsoft Visual Studio Solution File, Format Version 12.00
# Visual Studio Version 16
VisualStudioVersion = 16.0.31624.102
MinimumVisualStudioVersion = 10.0.40219.1
Project("{2150E333-8FDC-42A3-9474-1A3956D46DE8}") = "src", "src", "{0E10A9B5-AE8A-49CA-9456-5E096F8E4D72}"
EndProject
Project("{FAE04EC0-301F-11D3-BF4B-00C04F79EFBC}") = "API", "API\API.csproj", "{D2D379D7-4210-4286-9524-8FFE1FBE2D8A}"
EndProject
Global
	GlobalSection(SolutionConfigurationPlatforms) = preSolution
		Debug|Any CPU = Debug|Any CPU
		Release|Any CPU = Release|Any CPU
	EndGlobalSection
	GlobalSection(ProjectConfigurationPlatforms) = postSolution
		{D2D379D7-4210-4286-9524-8FFE1FBE2D8A}.Debug|Any CPU.ActiveCfg = Debug|Any CPU
		{D2D379D7-4210-4286-9524-8FFE1FBE2D8A}.Debug|Any CPU.Build.0 = Debug|Any CPU
		{D2D379D7-4210-4286-9524-8FFE1FBE2D8A}.Release|Any CPU.ActiveCfg = Release|Any CPU
		{D2D379D7-4210-4286-9524-8FFE1FBE2D8A}.Release|Any CPU.Build.0 = Release|Any CPU
	EndGlobalSection
	GlobalSection(SolutionProperties) = preSolution
		HideSolutionNode = FALSE
	EndGlobalSection
	GlobalSection(NestedProjects) = preSolution
		{D2D379D7-4210-4286-9524-8FFE1FBE2D8A} = {0E10A9B5-AE8A-49CA-9456-5E096F8E4D72}
	EndGlobalSection
	GlobalSection(ExtensibilityGlobals) = postSolution
		SolutionGuid = {F843B721-B5A2-4ECA-B240-6D47C2B89FFC}
	EndGlobalSection
EndGlobal
