
Microsoft Visual Studio Solution File, Format Version 12.00
# Visual Studio Version 16
VisualStudioVersion = 16.0.31624.102
MinimumVisualStudioVersion = 10.0.40219.1
Project("{2150E333-8FDC-42A3-9474-1A3956D46DE8}") = "src", "src", "{0E10A9B5-AE8A-49CA-9456-5E096F8E4D72}"
EndProject
Project("{9A19103F-16F7-4668-BE54-9A1E7A4F7556}") = "API", "API\API.csproj", "{D2D379D7-4210-4286-9524-8FFE1FBE2D8A}"
EndProject
Project("{9A19103F-16F7-4668-BE54-9A1E7A4F7556}") = "DAL", "DAL\DAL.csproj", "{212C1EF2-690D-499B-8DD1-22E5836F57CC}"
EndProject
Project("{9A19103F-16F7-4668-BE54-9A1E7A4F7556}") = "BLL", "BLL\BLL.csproj", "{26BCB6E8-57C3-40DB-941A-A4D38379476D}"
EndProject
Project("{9A19103F-16F7-4668-BE54-9A1E7A4F7556}") = "Utility", "Utility\Utility.csproj", "{B66E1FCC-95DE-4472-B221-A2B4B5BCB769}"
EndProject
Project("{2150E333-8FDC-42A3-9474-1A3956D46DE8}") = "Solution Items", "Solution Items", "{FE35FD5F-C7CB-4E94-BE1C-EB52E7DF0F73}"
	ProjectSection(SolutionItems) = preProject
		docker-compose.yml = docker-compose.yml
	EndProjectSection
EndProject
Global
	GlobalSection(SolutionConfigurationPlatforms) = preSolution
		Debug|Any CPU = Debug|Any CPU
		Release|Any CPU = Release|Any CPU
	EndGlobalSection
	GlobalSection(ProjectConfigurationPlatforms) = postSolution
		{D2D379D7-4210-4286-9524-8FFE1FBE2D8A}.Debug|Any CPU.ActiveCfg = Debug|Any CPU
		{D2D379D7-4210-4286-9524-8FFE1FBE2D8A}.Debug|Any CPU.Build.0 = Debug|Any CPU
		{D2D379D7-4210-4286-9524-8FFE1FBE2D8A}.Release|Any CPU.ActiveCfg = Release|Any CPU
		{D2D379D7-4210-4286-9524-8FFE1FBE2D8A}.Release|Any CPU.Build.0 = Release|Any CPU
		{212C1EF2-690D-499B-8DD1-22E5836F57CC}.Debug|Any CPU.ActiveCfg = Debug|Any CPU
		{212C1EF2-690D-499B-8DD1-22E5836F57CC}.Debug|Any CPU.Build.0 = Debug|Any CPU
		{212C1EF2-690D-499B-8DD1-22E5836F57CC}.Release|Any CPU.ActiveCfg = Release|Any CPU
		{212C1EF2-690D-499B-8DD1-22E5836F57CC}.Release|Any CPU.Build.0 = Release|Any CPU
		{26BCB6E8-57C3-40DB-941A-A4D38379476D}.Debug|Any CPU.ActiveCfg = Debug|Any CPU
		{26BCB6E8-57C3-40DB-941A-A4D38379476D}.Debug|Any CPU.Build.0 = Debug|Any CPU
		{26BCB6E8-57C3-40DB-941A-A4D38379476D}.Release|Any CPU.ActiveCfg = Release|Any CPU
		{26BCB6E8-57C3-40DB-941A-A4D38379476D}.Release|Any CPU.Build.0 = Release|Any CPU
		{B66E1FCC-95DE-4472-B221-A2B4B5BCB769}.Debug|Any CPU.ActiveCfg = Debug|Any CPU
		{B66E1FCC-95DE-4472-B221-A2B4B5BCB769}.Debug|Any CPU.Build.0 = Debug|Any CPU
		{B66E1FCC-95DE-4472-B221-A2B4B5BCB769}.Release|Any CPU.ActiveCfg = Release|Any CPU
		{B66E1FCC-95DE-4472-B221-A2B4B5BCB769}.Release|Any CPU.Build.0 = Release|Any CPU
	EndGlobalSection
	GlobalSection(SolutionProperties) = preSolution
		HideSolutionNode = FALSE
	EndGlobalSection
	GlobalSection(NestedProjects) = preSolution
		{D2D379D7-4210-4286-9524-8FFE1FBE2D8A} = {0E10A9B5-AE8A-49CA-9456-5E096F8E4D72}
		{212C1EF2-690D-499B-8DD1-22E5836F57CC} = {0E10A9B5-AE8A-49CA-9456-5E096F8E4D72}
		{26BCB6E8-57C3-40DB-941A-A4D38379476D} = {0E10A9B5-AE8A-49CA-9456-5E096F8E4D72}
		{B66E1FCC-95DE-4472-B221-A2B4B5BCB769} = {0E10A9B5-AE8A-49CA-9456-5E096F8E4D72}
	EndGlobalSection
	GlobalSection(ExtensibilityGlobals) = postSolution
		SolutionGuid = {F843B721-B5A2-4ECA-B240-6D47C2B89FFC}
	EndGlobalSection
EndGlobal
